<?xml version="1.0" encoding="utf-8"?>
<Project ToolsVersion="4.0" xmlns="http://schemas.microsoft.com/developer/msbuild/2003">
  <ItemGroup>
    <Filter Include="Core">
      <UniqueIdentifier>{2EB4837C-1AEB-840D-C3D7-6A10AFED000F}</UniqueIdentifier>
    </Filter>
    <Filter Include="Helpers">
      <UniqueIdentifier>{D8389B9D-4418-1A39-4D30-A50FB98E809A}</UniqueIdentifier>
    </Filter>
    <Filter Include="Helpers\Timers">
      <UniqueIdentifier>{1BE1E38C-07AF-D792-F042-48B9DCAFB3F7}</UniqueIdentifier>
    </Filter>
    <Filter Include="Modules">
      <UniqueIdentifier>{DE144435-4AF4-C2D0-530C-4EA7BF6A2932}</UniqueIdentifier>
    </Filter>
    <Filter Include="Renderer">
      <UniqueIdentifier>{7CCE658F-689B-C09A-91B4-AE427DE0F528}</UniqueIdentifier>
    </Filter>
  </ItemGroup>
  <ItemGroup>
    <ClInclude Include="src\Core\Application.h">
      <Filter>Core</Filter>
    </ClInclude>
    <ClInclude Include="src\Core\Errors.h">
      <Filter>Core</Filter>
    </ClInclude>
    <ClInclude Include="src\Core\Globals.h">
      <Filter>Core</Filter>
    </ClInclude>
    <ClInclude Include="src\Core\Module.h">
      <Filter>Core</Filter>
    </ClInclude>
    <ClInclude Include="src\Core\cnpch.h">
      <Filter>Core</Filter>
    </ClInclude>
    <ClInclude Include="src\Helpers\Color.h">
      <Filter>Helpers</Filter>
    </ClInclude>
    <ClInclude Include="src\Helpers\Light.h">
      <Filter>Helpers</Filter>
    </ClInclude>
    <ClInclude Include="src\Helpers\Timers\PerfTimer.h">
      <Filter>Helpers\Timers</Filter>
    </ClInclude>
    <ClInclude Include="src\Helpers\Timers\Timer.h">
      <Filter>Helpers\Timers</Filter>
    </ClInclude>
    <ClInclude Include="src\Helpers\glmath.h">
      <Filter>Helpers</Filter>
    </ClInclude>
    <ClInclude Include="src\Modules\Audio.h">
      <Filter>Modules</Filter>
    </ClInclude>
    <ClInclude Include="src\Modules\Camera3D.h">
      <Filter>Modules</Filter>
    </ClInclude>
    <ClInclude Include="src\Modules\Input.h">
      <Filter>Modules</Filter>
    </ClInclude>
    <ClInclude Include="src\Modules\SDLWindow.h">
      <Filter>Modules</Filter>
    </ClInclude>
    <ClInclude Include="src\Modules\Scene.h">
      <Filter>Modules</Filter>
    </ClInclude>
    <ClInclude Include="src\Renderer\GLRenderer3D.h">
      <Filter>Renderer</Filter>
    </ClInclude>
    <ClInclude Include="src\Renderer\Primitive.h">
      <Filter>Renderer</Filter>
    </ClInclude>
  </ItemGroup>
  <ItemGroup>
    <ClCompile Include="src\Core\Application.cpp">
      <Filter>Core</Filter>
    </ClCompile>
    <ClCompile Include="src\Core\Log.cpp">
      <Filter>Core</Filter>
    </ClCompile>
    <ClCompile Include="src\Core\Main.cpp">
      <Filter>Core</Filter>
    </ClCompile>
    <ClCompile Include="src\Core\cnpch.cpp">
      <Filter>Core</Filter>
    </ClCompile>
    <ClCompile Include="src\Helpers\Color.cpp">
      <Filter>Helpers</Filter>
    </ClCompile>
    <ClCompile Include="src\Helpers\Light.cpp">
      <Filter>Helpers</Filter>
    </ClCompile>
    <ClCompile Include="src\Helpers\Timers\PerfTimer.cpp">
      <Filter>Helpers\Timers</Filter>
    </ClCompile>
    <ClCompile Include="src\Helpers\Timers\Timer.cpp">
      <Filter>Helpers\Timers</Filter>
    </ClCompile>
    <ClCompile Include="src\Helpers\glmath.cpp">
      <Filter>Helpers</Filter>
    </ClCompile>
    <ClCompile Include="src\Modules\Audio.cpp">
      <Filter>Modules</Filter>
    </ClCompile>
    <ClCompile Include="src\Modules\Camera3D.cpp">
      <Filter>Modules</Filter>
    </ClCompile>
    <ClCompile Include="src\Modules\Input.cpp">
      <Filter>Modules</Filter>
    </ClCompile>
    <ClCompile Include="src\Modules\SDLWindow.cpp">
      <Filter>Modules</Filter>
    </ClCompile>
    <ClCompile Include="src\Modules\Scene.cpp">
      <Filter>Modules</Filter>
    </ClCompile>
    <ClCompile Include="src\Renderer\GLRenderer3D.cpp">
      <Filter>Renderer</Filter>
    </ClCompile>
    <ClCompile Include="src\Renderer\Primitive.cpp">
      <Filter>Renderer</Filter>
    </ClCompile>
  </ItemGroup>
</Project>